
Microsoft Visual Studio Solution File, Format Version 12.00
# Visual Studio Version 16
VisualStudioVersion = 16.0.30804.86
MinimumVisualStudioVersion = 10.0.40219.1
Project("{FAE04EC0-301F-11D3-BF4B-00C04F79EFBC}") = "DLL_Utilities", "DLL_Utilities.csproj", "{9F66038D-15BA-40AB-A55B-FE79AFD224E8}"
EndProject
Global
	GlobalSection(SolutionConfigurationPlatforms) = preSolution
		Debug|Any CPU = Debug|Any CPU
		Release|Any CPU = Release|Any CPU
	EndGlobalSection
	GlobalSection(ProjectConfigurationPlatforms) = postSolution
		{9F66038D-15BA-40AB-A55B-FE79AFD224E8}.Debug|Any CPU.ActiveCfg = Debug|Any CPU
		{9F66038D-15BA-40AB-A55B-FE79AFD224E8}.Debug|Any CPU.Build.0 = Debug|Any CPU
		{9F66038D-15BA-40AB-A55B-FE79AFD224E8}.Release|Any CPU.ActiveCfg = Release|Any CPU
		{9F66038D-15BA-40AB-A55B-FE79AFD224E8}.Release|Any CPU.Build.0 = Release|Any CPU
	EndGlobalSection
	GlobalSection(SolutionProperties) = preSolution
		HideSolutionNode = FALSE
	EndGlobalSection
	GlobalSection(ExtensibilityGlobals) = postSolution
		SolutionGuid = {FCB3CD3E-90BD-4470-AC5E-5D6A256469B7}
	EndGlobalSection
EndGlobal
